
Microsoft Visual Studio Solution File, Format Version 12.00
# Visual Studio Version 17
VisualStudioVersion = 17.10.35122.118
MinimumVisualStudioVersion = 10.0.40219.1
Project("{FAE04EC0-301F-11D3-BF4B-00C04F79EFBC}") = "ConsoleApp10", "ConsoleApp10\ConsoleApp10.csproj", "{51A5F0D2-745D-4F1D-924E-BD3B1A897CB2}"
EndProject
Global
	GlobalSection(SolutionConfigurationPlatforms) = preSolution
		Debug|Any CPU = Debug|Any CPU
		Release|Any CPU = Release|Any CPU
	EndGlobalSection
	GlobalSection(ProjectConfigurationPlatforms) = postSolution
		{51A5F0D2-745D-4F1D-924E-BD3B1A897CB2}.Debug|Any CPU.ActiveCfg = Debug|Any CPU
		{51A5F0D2-745D-4F1D-924E-BD3B1A897CB2}.Debug|Any CPU.Build.0 = Debug|Any CPU
		{51A5F0D2-745D-4F1D-924E-BD3B1A897CB2}.Release|Any CPU.ActiveCfg = Release|Any CPU
		{51A5F0D2-745D-4F1D-924E-BD3B1A897CB2}.Release|Any CPU.Build.0 = Release|Any CPU
	EndGlobalSection
	GlobalSection(SolutionProperties) = preSolution
		HideSolutionNode = FALSE
	EndGlobalSection
	GlobalSection(ExtensibilityGlobals) = postSolution
		SolutionGuid = {8F504D26-D616-40C7-8224-BF96A58A0558}
	EndGlobalSection
EndGlobal
